
Microsoft Visual Studio Solution File, Format Version 12.00
# Visual Studio Version 17
VisualStudioVersion = 17.12.35707.178 d17.12
MinimumVisualStudioVersion = 10.0.40219.1
Project("{FAE04EC0-301F-11D3-BF4B-00C04F79EFBC}") = "EmployeeManagerAPI", "EmployeeManagerAPI\EmployeeManagerAPI.csproj", "{766463C0-28BD-475C-9D60-4DAA45D3771E}"
EndProject
Project("{2150E333-8FDC-42A3-9474-1A3956D46DE8}") = "Solution Items", "Solution Items", "{9E402819-79D7-4228-8252-C6D2A76E5D7D}"
	ProjectSection(SolutionItems) = preProject
		.editorconfig = .editorconfig
	EndProjectSection
EndProject
Global
	GlobalSection(SolutionConfigurationPlatforms) = preSolution
		Debug|Any CPU = Debug|Any CPU
		Release|Any CPU = Release|Any CPU
	EndGlobalSection
	GlobalSection(ProjectConfigurationPlatforms) = postSolution
		{766463C0-28BD-475C-9D60-4DAA45D3771E}.Debug|Any CPU.ActiveCfg = Debug|Any CPU
		{766463C0-28BD-475C-9D60-4DAA45D3771E}.Debug|Any CPU.Build.0 = Debug|Any CPU
		{766463C0-28BD-475C-9D60-4DAA45D3771E}.Release|Any CPU.ActiveCfg = Release|Any CPU
		{766463C0-28BD-475C-9D60-4DAA45D3771E}.Release|Any CPU.Build.0 = Release|Any CPU
	EndGlobalSection
	GlobalSection(SolutionProperties) = preSolution
		HideSolutionNode = FALSE
	EndGlobalSection
EndGlobal
